
Microsoft Visual Studio Solution File, Format Version 12.00
# Visual Studio Version 17
VisualStudioVersion = 17.3.32901.215
MinimumVisualStudioVersion = 10.0.40219.1
Project("{FAE04EC0-301F-11D3-BF4B-00C04F79EFBC}") = "AKG", "AKG\AKG.csproj", "{AC573AE2-A3C1-44D5-863B-3EC4EAF6F6DB}"
EndProject
Project("{FAE04EC0-301F-11D3-BF4B-00C04F79EFBC}") = "AKG.Math", "AKG.Math\AKG.Math.csproj", "{B1E4358D-89C7-49C1-B0CC-931A6FEE3633}"
EndProject
Global
	GlobalSection(SolutionConfigurationPlatforms) = preSolution
		Debug|Any CPU = Debug|Any CPU
		Release|Any CPU = Release|Any CPU
	EndGlobalSection
	GlobalSection(ProjectConfigurationPlatforms) = postSolution
		{AC573AE2-A3C1-44D5-863B-3EC4EAF6F6DB}.Debug|Any CPU.ActiveCfg = Debug|Any CPU
		{AC573AE2-A3C1-44D5-863B-3EC4EAF6F6DB}.Debug|Any CPU.Build.0 = Debug|Any CPU
		{AC573AE2-A3C1-44D5-863B-3EC4EAF6F6DB}.Release|Any CPU.ActiveCfg = Release|Any CPU
		{AC573AE2-A3C1-44D5-863B-3EC4EAF6F6DB}.Release|Any CPU.Build.0 = Release|Any CPU
		{B1E4358D-89C7-49C1-B0CC-931A6FEE3633}.Debug|Any CPU.ActiveCfg = Debug|Any CPU
		{B1E4358D-89C7-49C1-B0CC-931A6FEE3633}.Debug|Any CPU.Build.0 = Debug|Any CPU
		{B1E4358D-89C7-49C1-B0CC-931A6FEE3633}.Release|Any CPU.ActiveCfg = Release|Any CPU
		{B1E4358D-89C7-49C1-B0CC-931A6FEE3633}.Release|Any CPU.Build.0 = Release|Any CPU
	EndGlobalSection
	GlobalSection(SolutionProperties) = preSolution
		HideSolutionNode = FALSE
	EndGlobalSection
	GlobalSection(ExtensibilityGlobals) = postSolution
		SolutionGuid = {F6515438-7729-47D4-9749-9D5A78325056}
	EndGlobalSection
EndGlobal
